
Microsoft Visual Studio Solution File, Format Version 12.00
# Visual Studio Version 17
VisualStudioVersion = 17.4.33213.308
MinimumVisualStudioVersion = 10.0.40219.1
Project("{9A19103F-16F7-4668-BE54-9A1E7A4F7556}") = "01.ClassBoxData", "01.ClassBoxData\01.ClassBoxData.csproj", "{DA7E96F1-EDF4-4DAC-83F2-5CEEC48F5577}"
EndProject
Project("{9A19103F-16F7-4668-BE54-9A1E7A4F7556}") = "02.AnimalFarm", "02.AnimalFarm\02.AnimalFarm.csproj", "{10F57E5A-74DB-438B-BAC3-2E62880AAE5C}"
EndProject
Project("{9A19103F-16F7-4668-BE54-9A1E7A4F7556}") = "03.ShoppingSpree", "03.ShoppingSpree\03.ShoppingSpree.csproj", "{5759A38B-F75C-48AD-9A00-578BE43A4D1B}"
EndProject
Project("{9A19103F-16F7-4668-BE54-9A1E7A4F7556}") = "04.PizzaCalories", "04.PizzaCalories\04.PizzaCalories.csproj", "{7D23DE9E-A814-42BA-A6AC-84D119B649EE}"
EndProject
Project("{9A19103F-16F7-4668-BE54-9A1E7A4F7556}") = "05.FootballTeamGenerator", "05.FootballTeamGenerator\05.FootballTeamGenerator.csproj", "{1473A737-B17D-448C-BE00-FF6FC89D9476}"
EndProject
Global
	GlobalSection(SolutionConfigurationPlatforms) = preSolution
		Debug|Any CPU = Debug|Any CPU
		Release|Any CPU = Release|Any CPU
	EndGlobalSection
	GlobalSection(ProjectConfigurationPlatforms) = postSolution
		{DA7E96F1-EDF4-4DAC-83F2-5CEEC48F5577}.Debug|Any CPU.ActiveCfg = Debug|Any CPU
		{DA7E96F1-EDF4-4DAC-83F2-5CEEC48F5577}.Debug|Any CPU.Build.0 = Debug|Any CPU
		{DA7E96F1-EDF4-4DAC-83F2-5CEEC48F5577}.Release|Any CPU.ActiveCfg = Release|Any CPU
		{DA7E96F1-EDF4-4DAC-83F2-5CEEC48F5577}.Release|Any CPU.Build.0 = Release|Any CPU
		{10F57E5A-74DB-438B-BAC3-2E62880AAE5C}.Debug|Any CPU.ActiveCfg = Debug|Any CPU
		{10F57E5A-74DB-438B-BAC3-2E62880AAE5C}.Debug|Any CPU.Build.0 = Debug|Any CPU
		{10F57E5A-74DB-438B-BAC3-2E62880AAE5C}.Release|Any CPU.ActiveCfg = Release|Any CPU
		{10F57E5A-74DB-438B-BAC3-2E62880AAE5C}.Release|Any CPU.Build.0 = Release|Any CPU
		{5759A38B-F75C-48AD-9A00-578BE43A4D1B}.Debug|Any CPU.ActiveCfg = Debug|Any CPU
		{5759A38B-F75C-48AD-9A00-578BE43A4D1B}.Debug|Any CPU.Build.0 = Debug|Any CPU
		{5759A38B-F75C-48AD-9A00-578BE43A4D1B}.Release|Any CPU.ActiveCfg = Release|Any CPU
		{5759A38B-F75C-48AD-9A00-578BE43A4D1B}.Release|Any CPU.Build.0 = Release|Any CPU
		{7D23DE9E-A814-42BA-A6AC-84D119B649EE}.Debug|Any CPU.ActiveCfg = Debug|Any CPU
		{7D23DE9E-A814-42BA-A6AC-84D119B649EE}.Debug|Any CPU.Build.0 = Debug|Any CPU
		{7D23DE9E-A814-42BA-A6AC-84D119B649EE}.Release|Any CPU.ActiveCfg = Release|Any CPU
		{7D23DE9E-A814-42BA-A6AC-84D119B649EE}.Release|Any CPU.Build.0 = Release|Any CPU
		{1473A737-B17D-448C-BE00-FF6FC89D9476}.Debug|Any CPU.ActiveCfg = Debug|Any CPU
		{1473A737-B17D-448C-BE00-FF6FC89D9476}.Debug|Any CPU.Build.0 = Debug|Any CPU
		{1473A737-B17D-448C-BE00-FF6FC89D9476}.Release|Any CPU.ActiveCfg = Release|Any CPU
		{1473A737-B17D-448C-BE00-FF6FC89D9476}.Release|Any CPU.Build.0 = Release|Any CPU
	EndGlobalSection
	GlobalSection(SolutionProperties) = preSolution
		HideSolutionNode = FALSE
	EndGlobalSection
	GlobalSection(ExtensibilityGlobals) = postSolution
		SolutionGuid = {F228CA83-AD6A-4860-8089-9AD6ADFFAFA6}
	EndGlobalSection
EndGlobal
