
Microsoft Visual Studio Solution File, Format Version 12.00
# Visual Studio Version 17
VisualStudioVersion = 17.4.33213.308
MinimumVisualStudioVersion = 10.0.40219.1
Project("{9A19103F-16F7-4668-BE54-9A1E7A4F7556}") = "01.CommandPattern", "01.CommandPattern\01.CommandPattern.csproj", "{36EE3306-F003-4686-AFD8-FBB2D8FD5006}"
EndProject
Project("{9A19103F-16F7-4668-BE54-9A1E7A4F7556}") = "02.ValidationAttributes", "02.ValidationAttributes\02.ValidationAttributes.csproj", "{A5717CBB-B913-420E-92AF-6A493DFD828D}"
EndProject
Global
	GlobalSection(SolutionConfigurationPlatforms) = preSolution
		Debug|Any CPU = Debug|Any CPU
		Release|Any CPU = Release|Any CPU
	EndGlobalSection
	GlobalSection(ProjectConfigurationPlatforms) = postSolution
		{36EE3306-F003-4686-AFD8-FBB2D8FD5006}.Debug|Any CPU.ActiveCfg = Debug|Any CPU
		{36EE3306-F003-4686-AFD8-FBB2D8FD5006}.Debug|Any CPU.Build.0 = Debug|Any CPU
		{36EE3306-F003-4686-AFD8-FBB2D8FD5006}.Release|Any CPU.ActiveCfg = Release|Any CPU
		{36EE3306-F003-4686-AFD8-FBB2D8FD5006}.Release|Any CPU.Build.0 = Release|Any CPU
		{A5717CBB-B913-420E-92AF-6A493DFD828D}.Debug|Any CPU.ActiveCfg = Debug|Any CPU
		{A5717CBB-B913-420E-92AF-6A493DFD828D}.Debug|Any CPU.Build.0 = Debug|Any CPU
		{A5717CBB-B913-420E-92AF-6A493DFD828D}.Release|Any CPU.ActiveCfg = Release|Any CPU
		{A5717CBB-B913-420E-92AF-6A493DFD828D}.Release|Any CPU.Build.0 = Release|Any CPU
	EndGlobalSection
	GlobalSection(SolutionProperties) = preSolution
		HideSolutionNode = FALSE
	EndGlobalSection
	GlobalSection(ExtensibilityGlobals) = postSolution
		SolutionGuid = {7C3A865D-A345-4B38-A107-B5D5B2AD75DC}
	EndGlobalSection
EndGlobal
