
Microsoft Visual Studio Solution File, Format Version 12.00
# Visual Studio Version 17
VisualStudioVersion = 17.5.33414.496
MinimumVisualStudioVersion = 10.0.40219.1
Project("{FAE04EC0-301F-11D3-BF4B-00C04F79EFBC}") = "01.Prototype", "01.Prototype\01.Prototype.csproj", "{8A355866-7A8D-48B1-9BD9-65D0BD896358}"
EndProject
Project("{FAE04EC0-301F-11D3-BF4B-00C04F79EFBC}") = "02.Composite", "02.Composite\02.Composite.csproj", "{C7931625-75EF-430C-BDDB-5B2286725190}"
EndProject
Project("{FAE04EC0-301F-11D3-BF4B-00C04F79EFBC}") = "03.Template", "03.Template\03.Template.csproj", "{FD0AB7C4-0DE1-411F-95CA-9BBC1172CE29}"
EndProject
Global
	GlobalSection(SolutionConfigurationPlatforms) = preSolution
		Debug|Any CPU = Debug|Any CPU
		Release|Any CPU = Release|Any CPU
	EndGlobalSection
	GlobalSection(ProjectConfigurationPlatforms) = postSolution
		{8A355866-7A8D-48B1-9BD9-65D0BD896358}.Debug|Any CPU.ActiveCfg = Debug|Any CPU
		{8A355866-7A8D-48B1-9BD9-65D0BD896358}.Debug|Any CPU.Build.0 = Debug|Any CPU
		{8A355866-7A8D-48B1-9BD9-65D0BD896358}.Release|Any CPU.ActiveCfg = Release|Any CPU
		{8A355866-7A8D-48B1-9BD9-65D0BD896358}.Release|Any CPU.Build.0 = Release|Any CPU
		{C7931625-75EF-430C-BDDB-5B2286725190}.Debug|Any CPU.ActiveCfg = Debug|Any CPU
		{C7931625-75EF-430C-BDDB-5B2286725190}.Debug|Any CPU.Build.0 = Debug|Any CPU
		{C7931625-75EF-430C-BDDB-5B2286725190}.Release|Any CPU.ActiveCfg = Release|Any CPU
		{C7931625-75EF-430C-BDDB-5B2286725190}.Release|Any CPU.Build.0 = Release|Any CPU
		{FD0AB7C4-0DE1-411F-95CA-9BBC1172CE29}.Debug|Any CPU.ActiveCfg = Debug|Any CPU
		{FD0AB7C4-0DE1-411F-95CA-9BBC1172CE29}.Debug|Any CPU.Build.0 = Debug|Any CPU
		{FD0AB7C4-0DE1-411F-95CA-9BBC1172CE29}.Release|Any CPU.ActiveCfg = Release|Any CPU
		{FD0AB7C4-0DE1-411F-95CA-9BBC1172CE29}.Release|Any CPU.Build.0 = Release|Any CPU
	EndGlobalSection
	GlobalSection(SolutionProperties) = preSolution
		HideSolutionNode = FALSE
	EndGlobalSection
	GlobalSection(ExtensibilityGlobals) = postSolution
		SolutionGuid = {5813C109-2B3C-48A2-B36D-D7CD43F7CE99}
	EndGlobalSection
EndGlobal
