
Microsoft Visual Studio Solution File, Format Version 12.00
# Visual Studio Version 17
VisualStudioVersion = 17.1.32414.318
MinimumVisualStudioVersion = 10.0.40219.1
Project("{9A19103F-16F7-4668-BE54-9A1E7A4F7556}") = "BookingApp", "BookingApp\BookingApp.csproj", "{D4B6BD01-6231-4C87-8892-DC790B5FB16C}"
EndProject
Project("{9A19103F-16F7-4668-BE54-9A1E7A4F7556}") = "FrontDeskApp", "FrontDeskApp\FrontDeskApp.csproj", "{D48F0292-C574-4AE8-838B-B7436F861252}"
EndProject
Project("{9A19103F-16F7-4668-BE54-9A1E7A4F7556}") = "FrontDeskApp.Tests", "FrontDeskApp.Tests\FrontDeskApp.Tests.csproj", "{58AD3DEF-E9C5-4C09-9FD5-7040AB7CAEFC}"
EndProject
Global
	GlobalSection(SolutionConfigurationPlatforms) = preSolution
		Debug|Any CPU = Debug|Any CPU
		Release|Any CPU = Release|Any CPU
	EndGlobalSection
	GlobalSection(ProjectConfigurationPlatforms) = postSolution
		{D4B6BD01-6231-4C87-8892-DC790B5FB16C}.Debug|Any CPU.ActiveCfg = Debug|Any CPU
		{D4B6BD01-6231-4C87-8892-DC790B5FB16C}.Debug|Any CPU.Build.0 = Debug|Any CPU
		{D4B6BD01-6231-4C87-8892-DC790B5FB16C}.Release|Any CPU.ActiveCfg = Release|Any CPU
		{D4B6BD01-6231-4C87-8892-DC790B5FB16C}.Release|Any CPU.Build.0 = Release|Any CPU
		{D48F0292-C574-4AE8-838B-B7436F861252}.Debug|Any CPU.ActiveCfg = Debug|Any CPU
		{D48F0292-C574-4AE8-838B-B7436F861252}.Debug|Any CPU.Build.0 = Debug|Any CPU
		{D48F0292-C574-4AE8-838B-B7436F861252}.Release|Any CPU.ActiveCfg = Release|Any CPU
		{D48F0292-C574-4AE8-838B-B7436F861252}.Release|Any CPU.Build.0 = Release|Any CPU
		{58AD3DEF-E9C5-4C09-9FD5-7040AB7CAEFC}.Debug|Any CPU.ActiveCfg = Debug|Any CPU
		{58AD3DEF-E9C5-4C09-9FD5-7040AB7CAEFC}.Debug|Any CPU.Build.0 = Debug|Any CPU
		{58AD3DEF-E9C5-4C09-9FD5-7040AB7CAEFC}.Release|Any CPU.ActiveCfg = Release|Any CPU
		{58AD3DEF-E9C5-4C09-9FD5-7040AB7CAEFC}.Release|Any CPU.Build.0 = Release|Any CPU
	EndGlobalSection
	GlobalSection(SolutionProperties) = preSolution
		HideSolutionNode = FALSE
	EndGlobalSection
	GlobalSection(ExtensibilityGlobals) = postSolution
		SolutionGuid = {08E66A0A-2A39-44B4-943B-A669962ACC66}
	EndGlobalSection
EndGlobal
